
Microsoft Visual Studio Solution File, Format Version 12.00
# Visual Studio Version 16
VisualStudioVersion = 16.0.31205.134
MinimumVisualStudioVersion = 10.0.40219.1
Project("{FAE04EC0-301F-11D3-BF4B-00C04F79EFBC}") = "QRGen.Android", "QRGen\QRGen.Android\QRGen.Android.csproj", "{387363E1-8566-489F-AB9B-D6649CC64175}"
EndProject
Project("{FAE04EC0-301F-11D3-BF4B-00C04F79EFBC}") = "QRGen.iOS", "QRGen\QRGen.iOS\QRGen.iOS.csproj", "{F6B720C6-891C-4FAD-A0FB-7B2F01FFF41A}"
EndProject
Project("{FAE04EC0-301F-11D3-BF4B-00C04F79EFBC}") = "QRGen", "QRGen\QRGen\QRGen.csproj", "{6346E139-0187-46E5-95B0-3023FD15369D}"
EndProject
Global
	GlobalSection(SolutionConfigurationPlatforms) = preSolution
		Debug|Any CPU = Debug|Any CPU
		Debug|iPhone = Debug|iPhone
		Debug|iPhoneSimulator = Debug|iPhoneSimulator
		Release|Any CPU = Release|Any CPU
		Release|iPhone = Release|iPhone
		Release|iPhoneSimulator = Release|iPhoneSimulator
	EndGlobalSection
	GlobalSection(ProjectConfigurationPlatforms) = postSolution
		{387363E1-8566-489F-AB9B-D6649CC64175}.Debug|Any CPU.ActiveCfg = Debug|Any CPU
		{387363E1-8566-489F-AB9B-D6649CC64175}.Debug|Any CPU.Build.0 = Debug|Any CPU
		{387363E1-8566-489F-AB9B-D6649CC64175}.Debug|Any CPU.Deploy.0 = Debug|Any CPU
		{387363E1-8566-489F-AB9B-D6649CC64175}.Debug|iPhone.ActiveCfg = Debug|Any CPU
		{387363E1-8566-489F-AB9B-D6649CC64175}.Debug|iPhone.Build.0 = Debug|Any CPU
		{387363E1-8566-489F-AB9B-D6649CC64175}.Debug|iPhone.Deploy.0 = Debug|Any CPU
		{387363E1-8566-489F-AB9B-D6649CC64175}.Debug|iPhoneSimulator.ActiveCfg = Debug|Any CPU
		{387363E1-8566-489F-AB9B-D6649CC64175}.Debug|iPhoneSimulator.Build.0 = Debug|Any CPU
		{387363E1-8566-489F-AB9B-D6649CC64175}.Debug|iPhoneSimulator.Deploy.0 = Debug|Any CPU
		{387363E1-8566-489F-AB9B-D6649CC64175}.Release|Any CPU.ActiveCfg = Release|Any CPU
		{387363E1-8566-489F-AB9B-D6649CC64175}.Release|Any CPU.Build.0 = Release|Any CPU
		{387363E1-8566-489F-AB9B-D6649CC64175}.Release|Any CPU.Deploy.0 = Release|Any CPU
		{387363E1-8566-489F-AB9B-D6649CC64175}.Release|iPhone.ActiveCfg = Release|Any CPU
		{387363E1-8566-489F-AB9B-D6649CC64175}.Release|iPhone.Build.0 = Release|Any CPU
		{387363E1-8566-489F-AB9B-D6649CC64175}.Release|iPhone.Deploy.0 = Release|Any CPU
		{387363E1-8566-489F-AB9B-D6649CC64175}.Release|iPhoneSimulator.ActiveCfg = Release|Any CPU
		{387363E1-8566-489F-AB9B-D6649CC64175}.Release|iPhoneSimulator.Build.0 = Release|Any CPU
		{387363E1-8566-489F-AB9B-D6649CC64175}.Release|iPhoneSimulator.Deploy.0 = Release|Any CPU
		{F6B720C6-891C-4FAD-A0FB-7B2F01FFF41A}.Debug|Any CPU.ActiveCfg = Debug|iPhone
		{F6B720C6-891C-4FAD-A0FB-7B2F01FFF41A}.Debug|Any CPU.Build.0 = Debug|iPhone
		{F6B720C6-891C-4FAD-A0FB-7B2F01FFF41A}.Debug|Any CPU.Deploy.0 = Debug|iPhone
		{F6B720C6-891C-4FAD-A0FB-7B2F01FFF41A}.Debug|iPhone.ActiveCfg = Debug|iPhone
		{F6B720C6-891C-4FAD-A0FB-7B2F01FFF41A}.Debug|iPhone.Build.0 = Debug|iPhone
		{F6B720C6-891C-4FAD-A0FB-7B2F01FFF41A}.Debug|iPhone.Deploy.0 = Debug|iPhone
		{F6B720C6-891C-4FAD-A0FB-7B2F01FFF41A}.Debug|iPhoneSimulator.ActiveCfg = Debug|iPhoneSimulator
		{F6B720C6-891C-4FAD-A0FB-7B2F01FFF41A}.Debug|iPhoneSimulator.Build.0 = Debug|iPhoneSimulator
		{F6B720C6-891C-4FAD-A0FB-7B2F01FFF41A}.Debug|iPhoneSimulator.Deploy.0 = Debug|iPhoneSimulator
		{F6B720C6-891C-4FAD-A0FB-7B2F01FFF41A}.Release|Any CPU.ActiveCfg = Release|iPhoneSimulator
		{F6B720C6-891C-4FAD-A0FB-7B2F01FFF41A}.Release|Any CPU.Build.0 = Release|iPhoneSimulator
		{F6B720C6-891C-4FAD-A0FB-7B2F01FFF41A}.Release|Any CPU.Deploy.0 = Release|iPhoneSimulator
		{F6B720C6-891C-4FAD-A0FB-7B2F01FFF41A}.Release|iPhone.ActiveCfg = Release|iPhone
		{F6B720C6-891C-4FAD-A0FB-7B2F01FFF41A}.Release|iPhone.Build.0 = Release|iPhone
		{F6B720C6-891C-4FAD-A0FB-7B2F01FFF41A}.Release|iPhone.Deploy.0 = Release|iPhone
		{F6B720C6-891C-4FAD-A0FB-7B2F01FFF41A}.Release|iPhoneSimulator.ActiveCfg = Release|iPhoneSimulator
		{F6B720C6-891C-4FAD-A0FB-7B2F01FFF41A}.Release|iPhoneSimulator.Build.0 = Release|iPhoneSimulator
		{F6B720C6-891C-4FAD-A0FB-7B2F01FFF41A}.Release|iPhoneSimulator.Deploy.0 = Release|iPhoneSimulator
		{6346E139-0187-46E5-95B0-3023FD15369D}.Debug|Any CPU.ActiveCfg = Debug|Any CPU
		{6346E139-0187-46E5-95B0-3023FD15369D}.Debug|Any CPU.Build.0 = Debug|Any CPU
		{6346E139-0187-46E5-95B0-3023FD15369D}.Debug|Any CPU.Deploy.0 = Debug|Any CPU
		{6346E139-0187-46E5-95B0-3023FD15369D}.Debug|iPhone.ActiveCfg = Debug|Any CPU
		{6346E139-0187-46E5-95B0-3023FD15369D}.Debug|iPhone.Build.0 = Debug|Any CPU
		{6346E139-0187-46E5-95B0-3023FD15369D}.Debug|iPhone.Deploy.0 = Debug|Any CPU
		{6346E139-0187-46E5-95B0-3023FD15369D}.Debug|iPhoneSimulator.ActiveCfg = Debug|Any CPU
		{6346E139-0187-46E5-95B0-3023FD15369D}.Debug|iPhoneSimulator.Build.0 = Debug|Any CPU
		{6346E139-0187-46E5-95B0-3023FD15369D}.Debug|iPhoneSimulator.Deploy.0 = Debug|Any CPU
		{6346E139-0187-46E5-95B0-3023FD15369D}.Release|Any CPU.ActiveCfg = Release|Any CPU
		{6346E139-0187-46E5-95B0-3023FD15369D}.Release|Any CPU.Build.0 = Release|Any CPU
		{6346E139-0187-46E5-95B0-3023FD15369D}.Release|Any CPU.Deploy.0 = Release|Any CPU
		{6346E139-0187-46E5-95B0-3023FD15369D}.Release|iPhone.ActiveCfg = Release|Any CPU
		{6346E139-0187-46E5-95B0-3023FD15369D}.Release|iPhone.Build.0 = Release|Any CPU
		{6346E139-0187-46E5-95B0-3023FD15369D}.Release|iPhone.Deploy.0 = Release|Any CPU
		{6346E139-0187-46E5-95B0-3023FD15369D}.Release|iPhoneSimulator.ActiveCfg = Release|Any CPU
		{6346E139-0187-46E5-95B0-3023FD15369D}.Release|iPhoneSimulator.Build.0 = Release|Any CPU
		{6346E139-0187-46E5-95B0-3023FD15369D}.Release|iPhoneSimulator.Deploy.0 = Release|Any CPU
	EndGlobalSection
	GlobalSection(SolutionProperties) = preSolution
		HideSolutionNode = FALSE
	EndGlobalSection
	GlobalSection(ExtensibilityGlobals) = postSolution
		SolutionGuid = {8AB68D0C-39EB-4D25-BB88-C2707B1DE0D4}
	EndGlobalSection
EndGlobal
